
Microsoft Visual Studio Solution File, Format Version 12.00
# Visual Studio 14
VisualStudioVersion = 14.0.24720.0
MinimumVisualStudioVersion = 10.0.40219.1
Project("{FAE04EC0-301F-11D3-BF4B-00C04F79EFBC}") = "Hoofdstuk 6", "Hoofdstuk 6.csproj", "{CB8C105D-B42F-4060-A3B4-DD334E22D068}"
EndProject
Project("{FAE04EC0-301F-11D3-BF4B-00C04F79EFBC}") = "hoofdstuk6.1", "..\hoofdstuk6.1\hoofdstuk6.1.csproj", "{FCEBBB66-1DED-463D-A7F4-6F3FDACE0085}"
EndProject
Project("{FAE04EC0-301F-11D3-BF4B-00C04F79EFBC}") = "Oefening6.3", "Oefening6.3\Oefening6.3.csproj", "{93D458D9-5182-4E3B-96B1-14AC72ABEC39}"
EndProject
Global
	GlobalSection(SolutionConfigurationPlatforms) = preSolution
		Debug|Any CPU = Debug|Any CPU
		Release|Any CPU = Release|Any CPU
	EndGlobalSection
	GlobalSection(ProjectConfigurationPlatforms) = postSolution
		{CB8C105D-B42F-4060-A3B4-DD334E22D068}.Debug|Any CPU.ActiveCfg = Debug|Any CPU
		{CB8C105D-B42F-4060-A3B4-DD334E22D068}.Debug|Any CPU.Build.0 = Debug|Any CPU
		{CB8C105D-B42F-4060-A3B4-DD334E22D068}.Release|Any CPU.ActiveCfg = Release|Any CPU
		{CB8C105D-B42F-4060-A3B4-DD334E22D068}.Release|Any CPU.Build.0 = Release|Any CPU
		{FCEBBB66-1DED-463D-A7F4-6F3FDACE0085}.Debug|Any CPU.ActiveCfg = Debug|Any CPU
		{FCEBBB66-1DED-463D-A7F4-6F3FDACE0085}.Debug|Any CPU.Build.0 = Debug|Any CPU
		{FCEBBB66-1DED-463D-A7F4-6F3FDACE0085}.Release|Any CPU.ActiveCfg = Release|Any CPU
		{FCEBBB66-1DED-463D-A7F4-6F3FDACE0085}.Release|Any CPU.Build.0 = Release|Any CPU
		{93D458D9-5182-4E3B-96B1-14AC72ABEC39}.Debug|Any CPU.ActiveCfg = Debug|Any CPU
		{93D458D9-5182-4E3B-96B1-14AC72ABEC39}.Debug|Any CPU.Build.0 = Debug|Any CPU
		{93D458D9-5182-4E3B-96B1-14AC72ABEC39}.Release|Any CPU.ActiveCfg = Release|Any CPU
		{93D458D9-5182-4E3B-96B1-14AC72ABEC39}.Release|Any CPU.Build.0 = Release|Any CPU
	EndGlobalSection
	GlobalSection(SolutionProperties) = preSolution
		HideSolutionNode = FALSE
	EndGlobalSection
EndGlobal
